
Microsoft Visual Studio Solution File, Format Version 12.00
# Visual Studio Version 16
VisualStudioVersion = 16.0.33927.289
MinimumVisualStudioVersion = 10.0.40219.1
Project("{2150E333-8FDC-42A3-9474-1A3956D46DE8}") = "Task0", "Task0", "{0A7B29AA-0012-4BD5-8FE7-1EBB1B9DC06E}"
EndProject
Project("{FAE04EC0-301F-11D3-BF4B-00C04F79EFBC}") = "Tyuiu.MarinenkovaKD.Sprint4.Task0.V10", "Tyuiu.MarinenkovaKD.Sprint4.Task0.V10\Tyuiu.MarinenkovaKD.Sprint4.Task0.V10.csproj", "{18570502-9837-458D-9A04-022A552646A0}"
EndProject
Project("{FAE04EC0-301F-11D3-BF4B-00C04F79EFBC}") = "Tyuiu.MarinenkovaKD.Sprint4.Task0.V10.Lib", "Tyuiu.MarinenkovaKD.Sprint4.Task0.V10.Lib\Tyuiu.MarinenkovaKD.Sprint4.Task0.V10.Lib.csproj", "{E818DF60-A486-4C86-B870-B6CFC335B0F5}"
EndProject
Project("{FAE04EC0-301F-11D3-BF4B-00C04F79EFBC}") = "Tyuiu.MarinenkovaKD.Sprint4.Task0.V10.Test", "Tyuiu.MarinenkovaKD.Sprint4.Task0.V10.Test\Tyuiu.MarinenkovaKD.Sprint4.Task0.V10.Test.csproj", "{D2700BD1-B5FE-4698-BAFC-FF5D111EB601}"
EndProject
Project("{2150E333-8FDC-42A3-9474-1A3956D46DE8}") = "Task1", "Task1", "{C84B011D-E6C2-4ED5-9537-FB3EDE4D680C}"
EndProject
Project("{FAE04EC0-301F-11D3-BF4B-00C04F79EFBC}") = "Tyuiu.MarinenkovaKD.Sprint4.Task1.V26", "Tyuiu.MarinenkovaKD.Sprint4.Task1.V26\Tyuiu.MarinenkovaKD.Sprint4.Task1.V26.csproj", "{D85982FF-B924-4952-81FB-A440B1FB2DC9}"
EndProject
Project("{FAE04EC0-301F-11D3-BF4B-00C04F79EFBC}") = "Tyuiu.MarinenkovaKD.Sprint4.Task1.V26.Lib", "Tyuiu.MarinenkovaKD.Sprint4.Task1.V26.Lib\Tyuiu.MarinenkovaKD.Sprint4.Task1.V26.Lib.csproj", "{F614426E-966C-4FE7-8B8D-F488AE2F729A}"
EndProject
Project("{FAE04EC0-301F-11D3-BF4B-00C04F79EFBC}") = "Tyuiu.MarinenkovaKD.Sprint4.Task1.V26.Test", "Tyuiu.MarinenkovaKD.Sprint4.Task1.V26.Test\Tyuiu.MarinenkovaKD.Sprint4.Task1.V26.Test.csproj", "{9E054570-6F34-4C87-B241-C720D1765CC6}"
EndProject
Project("{2150E333-8FDC-42A3-9474-1A3956D46DE8}") = "Task2", "Task2", "{66A7A35A-D802-4106-BB3F-7399FD5FE4E6}"
EndProject
Project("{FAE04EC0-301F-11D3-BF4B-00C04F79EFBC}") = "Tyuiu.MarinenkovaKD.Sprint4.Task2.V7", "Tyuiu.MarinenkovaKD.Sprint4.Task2.V7\Tyuiu.MarinenkovaKD.Sprint4.Task2.V7.csproj", "{64D6D12D-BCBB-4840-A422-0C74E17FE799}"
EndProject
Project("{FAE04EC0-301F-11D3-BF4B-00C04F79EFBC}") = "Tyuiu.MarinenkovaKD.Sprint4.Task2.V7.Lib", "Tyuiu.MarinenkovaKD.Sprint4.Task2.V7.Lib\Tyuiu.MarinenkovaKD.Sprint4.Task2.V7.Lib.csproj", "{4AF2C6EB-E3DC-4EF3-AAE6-E1C98FBBB396}"
EndProject
Project("{FAE04EC0-301F-11D3-BF4B-00C04F79EFBC}") = "Tyuiu.MarinenkovaKD.Sprint4.Task2.V7.Test", "Tyuiu.MarinenkovaKD.Sprint4.Task2.V7.Test\Tyuiu.MarinenkovaKD.Sprint4.Task2.V7.Test.csproj", "{CB16370A-E58D-41A4-9122-9BC534F0817F}"
EndProject
Project("{2150E333-8FDC-42A3-9474-1A3956D46DE8}") = "Task3", "Task3", "{82C006B4-1AB9-4F43-B358-91662186B2DD}"
EndProject
Project("{FAE04EC0-301F-11D3-BF4B-00C04F79EFBC}") = "Tyuiu.MarinenkovaKD.Sprint4.Task3.V21", "Tyuiu.MarinenkovaKD.Sprint4.Task3.V21\Tyuiu.MarinenkovaKD.Sprint4.Task3.V21.csproj", "{CA61B38C-638B-413D-AF04-F52C7BB0B76B}"
EndProject
Project("{FAE04EC0-301F-11D3-BF4B-00C04F79EFBC}") = "Tyuiu.MarinenkovaKD.Sprint4.Task3.V21.Lib", "Tyuiu.MarinenkovaKD.Sprint4.Task3.V21.Lib\Tyuiu.MarinenkovaKD.Sprint4.Task3.V21.Lib.csproj", "{25B0F774-30C6-4EC5-82FD-510D269AB438}"
EndProject
Project("{FAE04EC0-301F-11D3-BF4B-00C04F79EFBC}") = "Tyuiu.MarinenkovaKD.Sprint4.Task3.V21.Test", "Tyuiu.MarinenkovaKD.Sprint4.Task3.V21.Test\Tyuiu.MarinenkovaKD.Sprint4.Task3.V21.Test.csproj", "{1723D1CE-615B-40EA-B5E0-9AAD1CDC2B44}"
EndProject
Global
	GlobalSection(SolutionConfigurationPlatforms) = preSolution
		Debug|Any CPU = Debug|Any CPU
		Release|Any CPU = Release|Any CPU
	EndGlobalSection
	GlobalSection(ProjectConfigurationPlatforms) = postSolution
		{18570502-9837-458D-9A04-022A552646A0}.Debug|Any CPU.ActiveCfg = Debug|Any CPU
		{18570502-9837-458D-9A04-022A552646A0}.Debug|Any CPU.Build.0 = Debug|Any CPU
		{18570502-9837-458D-9A04-022A552646A0}.Release|Any CPU.ActiveCfg = Release|Any CPU
		{18570502-9837-458D-9A04-022A552646A0}.Release|Any CPU.Build.0 = Release|Any CPU
		{E818DF60-A486-4C86-B870-B6CFC335B0F5}.Debug|Any CPU.ActiveCfg = Debug|Any CPU
		{E818DF60-A486-4C86-B870-B6CFC335B0F5}.Debug|Any CPU.Build.0 = Debug|Any CPU
		{E818DF60-A486-4C86-B870-B6CFC335B0F5}.Release|Any CPU.ActiveCfg = Release|Any CPU
		{E818DF60-A486-4C86-B870-B6CFC335B0F5}.Release|Any CPU.Build.0 = Release|Any CPU
		{D2700BD1-B5FE-4698-BAFC-FF5D111EB601}.Debug|Any CPU.ActiveCfg = Debug|Any CPU
		{D2700BD1-B5FE-4698-BAFC-FF5D111EB601}.Debug|Any CPU.Build.0 = Debug|Any CPU
		{D2700BD1-B5FE-4698-BAFC-FF5D111EB601}.Release|Any CPU.ActiveCfg = Release|Any CPU
		{D2700BD1-B5FE-4698-BAFC-FF5D111EB601}.Release|Any CPU.Build.0 = Release|Any CPU
		{D85982FF-B924-4952-81FB-A440B1FB2DC9}.Debug|Any CPU.ActiveCfg = Debug|Any CPU
		{D85982FF-B924-4952-81FB-A440B1FB2DC9}.Debug|Any CPU.Build.0 = Debug|Any CPU
		{D85982FF-B924-4952-81FB-A440B1FB2DC9}.Release|Any CPU.ActiveCfg = Release|Any CPU
		{D85982FF-B924-4952-81FB-A440B1FB2DC9}.Release|Any CPU.Build.0 = Release|Any CPU
		{F614426E-966C-4FE7-8B8D-F488AE2F729A}.Debug|Any CPU.ActiveCfg = Debug|Any CPU
		{F614426E-966C-4FE7-8B8D-F488AE2F729A}.Debug|Any CPU.Build.0 = Debug|Any CPU
		{F614426E-966C-4FE7-8B8D-F488AE2F729A}.Release|Any CPU.ActiveCfg = Release|Any CPU
		{F614426E-966C-4FE7-8B8D-F488AE2F729A}.Release|Any CPU.Build.0 = Release|Any CPU
		{9E054570-6F34-4C87-B241-C720D1765CC6}.Debug|Any CPU.ActiveCfg = Debug|Any CPU
		{9E054570-6F34-4C87-B241-C720D1765CC6}.Debug|Any CPU.Build.0 = Debug|Any CPU
		{9E054570-6F34-4C87-B241-C720D1765CC6}.Release|Any CPU.ActiveCfg = Release|Any CPU
		{9E054570-6F34-4C87-B241-C720D1765CC6}.Release|Any CPU.Build.0 = Release|Any CPU
		{64D6D12D-BCBB-4840-A422-0C74E17FE799}.Debug|Any CPU.ActiveCfg = Debug|Any CPU
		{64D6D12D-BCBB-4840-A422-0C74E17FE799}.Debug|Any CPU.Build.0 = Debug|Any CPU
		{64D6D12D-BCBB-4840-A422-0C74E17FE799}.Release|Any CPU.ActiveCfg = Release|Any CPU
		{64D6D12D-BCBB-4840-A422-0C74E17FE799}.Release|Any CPU.Build.0 = Release|Any CPU
		{4AF2C6EB-E3DC-4EF3-AAE6-E1C98FBBB396}.Debug|Any CPU.ActiveCfg = Debug|Any CPU
		{4AF2C6EB-E3DC-4EF3-AAE6-E1C98FBBB396}.Debug|Any CPU.Build.0 = Debug|Any CPU
		{4AF2C6EB-E3DC-4EF3-AAE6-E1C98FBBB396}.Release|Any CPU.ActiveCfg = Release|Any CPU
		{4AF2C6EB-E3DC-4EF3-AAE6-E1C98FBBB396}.Release|Any CPU.Build.0 = Release|Any CPU
		{CB16370A-E58D-41A4-9122-9BC534F0817F}.Debug|Any CPU.ActiveCfg = Debug|Any CPU
		{CB16370A-E58D-41A4-9122-9BC534F0817F}.Debug|Any CPU.Build.0 = Debug|Any CPU
		{CB16370A-E58D-41A4-9122-9BC534F0817F}.Release|Any CPU.ActiveCfg = Release|Any CPU
		{CB16370A-E58D-41A4-9122-9BC534F0817F}.Release|Any CPU.Build.0 = Release|Any CPU
		{CA61B38C-638B-413D-AF04-F52C7BB0B76B}.Debug|Any CPU.ActiveCfg = Debug|Any CPU
		{CA61B38C-638B-413D-AF04-F52C7BB0B76B}.Debug|Any CPU.Build.0 = Debug|Any CPU
		{CA61B38C-638B-413D-AF04-F52C7BB0B76B}.Release|Any CPU.ActiveCfg = Release|Any CPU
		{CA61B38C-638B-413D-AF04-F52C7BB0B76B}.Release|Any CPU.Build.0 = Release|Any CPU
		{25B0F774-30C6-4EC5-82FD-510D269AB438}.Debug|Any CPU.ActiveCfg = Debug|Any CPU
		{25B0F774-30C6-4EC5-82FD-510D269AB438}.Debug|Any CPU.Build.0 = Debug|Any CPU
		{25B0F774-30C6-4EC5-82FD-510D269AB438}.Release|Any CPU.ActiveCfg = Release|Any CPU
		{25B0F774-30C6-4EC5-82FD-510D269AB438}.Release|Any CPU.Build.0 = Release|Any CPU
		{1723D1CE-615B-40EA-B5E0-9AAD1CDC2B44}.Debug|Any CPU.ActiveCfg = Debug|Any CPU
		{1723D1CE-615B-40EA-B5E0-9AAD1CDC2B44}.Debug|Any CPU.Build.0 = Debug|Any CPU
		{1723D1CE-615B-40EA-B5E0-9AAD1CDC2B44}.Release|Any CPU.ActiveCfg = Release|Any CPU
		{1723D1CE-615B-40EA-B5E0-9AAD1CDC2B44}.Release|Any CPU.Build.0 = Release|Any CPU
	EndGlobalSection
	GlobalSection(SolutionProperties) = preSolution
		HideSolutionNode = FALSE
	EndGlobalSection
	GlobalSection(NestedProjects) = preSolution
		{18570502-9837-458D-9A04-022A552646A0} = {0A7B29AA-0012-4BD5-8FE7-1EBB1B9DC06E}
		{E818DF60-A486-4C86-B870-B6CFC335B0F5} = {0A7B29AA-0012-4BD5-8FE7-1EBB1B9DC06E}
		{D2700BD1-B5FE-4698-BAFC-FF5D111EB601} = {0A7B29AA-0012-4BD5-8FE7-1EBB1B9DC06E}
		{D85982FF-B924-4952-81FB-A440B1FB2DC9} = {C84B011D-E6C2-4ED5-9537-FB3EDE4D680C}
		{F614426E-966C-4FE7-8B8D-F488AE2F729A} = {C84B011D-E6C2-4ED5-9537-FB3EDE4D680C}
		{9E054570-6F34-4C87-B241-C720D1765CC6} = {C84B011D-E6C2-4ED5-9537-FB3EDE4D680C}
		{64D6D12D-BCBB-4840-A422-0C74E17FE799} = {66A7A35A-D802-4106-BB3F-7399FD5FE4E6}
		{4AF2C6EB-E3DC-4EF3-AAE6-E1C98FBBB396} = {66A7A35A-D802-4106-BB3F-7399FD5FE4E6}
		{CB16370A-E58D-41A4-9122-9BC534F0817F} = {66A7A35A-D802-4106-BB3F-7399FD5FE4E6}
		{CA61B38C-638B-413D-AF04-F52C7BB0B76B} = {82C006B4-1AB9-4F43-B358-91662186B2DD}
		{25B0F774-30C6-4EC5-82FD-510D269AB438} = {82C006B4-1AB9-4F43-B358-91662186B2DD}
		{1723D1CE-615B-40EA-B5E0-9AAD1CDC2B44} = {82C006B4-1AB9-4F43-B358-91662186B2DD}
	EndGlobalSection
	GlobalSection(ExtensibilityGlobals) = postSolution
		SolutionGuid = {287ABA5B-175B-4C5A-AE54-301AC72641E5}
	EndGlobalSection
EndGlobal
